
Microsoft Visual Studio Solution File, Format Version 12.00
# Visual Studio 15
VisualStudioVersion = 15.0.28010.2041
MinimumVisualStudioVersion = 10.0.40219.1
Project("{FAE04EC0-301F-11D3-BF4B-00C04F79EFBC}") = "LogicDay1", "LogicDay1\LogicDay1.csproj", "{D26DF264-F7F8-4CAB-B4C1-4289312B7B9D}"
EndProject
Project("{FAE04EC0-301F-11D3-BF4B-00C04F79EFBC}") = "LogicDay2", "LogicDay2\LogicDay2.csproj", "{92A1C0F7-F962-43EA-B0D5-1351861EE912}"
EndProject
Project("{FAE04EC0-301F-11D3-BF4B-00C04F79EFBC}") = "Base", "Base\Base.csproj", "{21E90E61-9380-4FE7-96D6-9FF2A23EE110}"
EndProject
Project("{FAE04EC0-301F-11D3-BF4B-00C04F79EFBC}") = "LogicDay3", "LogicDay3\LogicDay3.csproj", "{30ADD0E2-4BFC-4517-9142-86CE51CE56AA}"
EndProject
Project("{FAE04EC0-301F-11D3-BF4B-00C04F79EFBC}") = "Util", "Util\Util.csproj", "{B9FDB255-631F-48E6-A7CF-93556258CE57}"
EndProject
Project("{FAE04EC0-301F-11D3-BF4B-00C04F79EFBC}") = "Logic1.5", "Logic1.5\Logic1.5.csproj", "{7EBA8A2D-547D-40AA-80C0-8D3389FE5155}"
EndProject
Project("{FAE04EC0-301F-11D3-BF4B-00C04F79EFBC}") = "Logic1.5-2", "Logic1.5-2\Logic1.5-2.csproj", "{7A8D2793-EDC1-4FC8-9C94-5A6CD7E2DCF1}"
EndProject
Project("{FAE04EC0-301F-11D3-BF4B-00C04F79EFBC}") = "LogicDay4", "LogicDay4\LogicDay4.csproj", "{33B3D197-6296-4EAD-8BEE-5C8FF082B033}"
EndProject
Project("{FAE04EC0-301F-11D3-BF4B-00C04F79EFBC}") = "Logic1.5-3", "Logic1.5-3\Logic1.5-3.csproj", "{053D501B-B62A-4FE4-A1A4-0C4BC10960BC}"
EndProject
Project("{FAE04EC0-301F-11D3-BF4B-00C04F79EFBC}") = "LogicDay5", "LogicDay5\LogicDay5.csproj", "{DAA3B628-BBB1-47B2-84C4-C6F0C838DB12}"
EndProject
Project("{FAE04EC0-301F-11D3-BF4B-00C04F79EFBC}") = "ExamDay6", "ExamDay6\ExamDay6.csproj", "{59A3FDA0-45C0-45ED-BD76-02660731A278}"
EndProject
Project("{FAE04EC0-301F-11D3-BF4B-00C04F79EFBC}") = "LogicDay6", "LogicDay6\LogicDay6.csproj", "{7A04F5FC-E8A2-4B95-AB0A-ED1B4E00D24C}"
EndProject
Project("{FAE04EC0-301F-11D3-BF4B-00C04F79EFBC}") = "LogicDay7", "LogicDay7\LogicDay7.csproj", "{10CF1B35-56AE-481C-80C3-D6E7B0A93BBE}"
EndProject
Project("{FAE04EC0-301F-11D3-BF4B-00C04F79EFBC}") = "LogicDay8", "LogicDay8\LogicDay8.csproj", "{27031472-6E66-4E06-8196-551DD0D179C5}"
EndProject
Project("{FAE04EC0-301F-11D3-BF4B-00C04F79EFBC}") = "FT1", "FT1\FT1.csproj", "{20235ACC-5EF3-49F3-B2E6-209CA640A01C}"
EndProject
Global
	GlobalSection(SolutionConfigurationPlatforms) = preSolution
		Debug|Any CPU = Debug|Any CPU
		Release|Any CPU = Release|Any CPU
	EndGlobalSection
	GlobalSection(ProjectConfigurationPlatforms) = postSolution
		{D26DF264-F7F8-4CAB-B4C1-4289312B7B9D}.Debug|Any CPU.ActiveCfg = Debug|Any CPU
		{D26DF264-F7F8-4CAB-B4C1-4289312B7B9D}.Debug|Any CPU.Build.0 = Debug|Any CPU
		{D26DF264-F7F8-4CAB-B4C1-4289312B7B9D}.Release|Any CPU.ActiveCfg = Release|Any CPU
		{D26DF264-F7F8-4CAB-B4C1-4289312B7B9D}.Release|Any CPU.Build.0 = Release|Any CPU
		{92A1C0F7-F962-43EA-B0D5-1351861EE912}.Debug|Any CPU.ActiveCfg = Debug|Any CPU
		{92A1C0F7-F962-43EA-B0D5-1351861EE912}.Debug|Any CPU.Build.0 = Debug|Any CPU
		{92A1C0F7-F962-43EA-B0D5-1351861EE912}.Release|Any CPU.ActiveCfg = Release|Any CPU
		{92A1C0F7-F962-43EA-B0D5-1351861EE912}.Release|Any CPU.Build.0 = Release|Any CPU
		{21E90E61-9380-4FE7-96D6-9FF2A23EE110}.Debug|Any CPU.ActiveCfg = Debug|Any CPU
		{21E90E61-9380-4FE7-96D6-9FF2A23EE110}.Debug|Any CPU.Build.0 = Debug|Any CPU
		{21E90E61-9380-4FE7-96D6-9FF2A23EE110}.Release|Any CPU.ActiveCfg = Release|Any CPU
		{21E90E61-9380-4FE7-96D6-9FF2A23EE110}.Release|Any CPU.Build.0 = Release|Any CPU
		{30ADD0E2-4BFC-4517-9142-86CE51CE56AA}.Debug|Any CPU.ActiveCfg = Debug|Any CPU
		{30ADD0E2-4BFC-4517-9142-86CE51CE56AA}.Debug|Any CPU.Build.0 = Debug|Any CPU
		{30ADD0E2-4BFC-4517-9142-86CE51CE56AA}.Release|Any CPU.ActiveCfg = Release|Any CPU
		{30ADD0E2-4BFC-4517-9142-86CE51CE56AA}.Release|Any CPU.Build.0 = Release|Any CPU
		{B9FDB255-631F-48E6-A7CF-93556258CE57}.Debug|Any CPU.ActiveCfg = Debug|Any CPU
		{B9FDB255-631F-48E6-A7CF-93556258CE57}.Debug|Any CPU.Build.0 = Debug|Any CPU
		{B9FDB255-631F-48E6-A7CF-93556258CE57}.Release|Any CPU.ActiveCfg = Release|Any CPU
		{B9FDB255-631F-48E6-A7CF-93556258CE57}.Release|Any CPU.Build.0 = Release|Any CPU
		{7EBA8A2D-547D-40AA-80C0-8D3389FE5155}.Debug|Any CPU.ActiveCfg = Debug|Any CPU
		{7EBA8A2D-547D-40AA-80C0-8D3389FE5155}.Debug|Any CPU.Build.0 = Debug|Any CPU
		{7EBA8A2D-547D-40AA-80C0-8D3389FE5155}.Release|Any CPU.ActiveCfg = Release|Any CPU
		{7EBA8A2D-547D-40AA-80C0-8D3389FE5155}.Release|Any CPU.Build.0 = Release|Any CPU
		{7A8D2793-EDC1-4FC8-9C94-5A6CD7E2DCF1}.Debug|Any CPU.ActiveCfg = Debug|Any CPU
		{7A8D2793-EDC1-4FC8-9C94-5A6CD7E2DCF1}.Debug|Any CPU.Build.0 = Debug|Any CPU
		{7A8D2793-EDC1-4FC8-9C94-5A6CD7E2DCF1}.Release|Any CPU.ActiveCfg = Release|Any CPU
		{7A8D2793-EDC1-4FC8-9C94-5A6CD7E2DCF1}.Release|Any CPU.Build.0 = Release|Any CPU
		{33B3D197-6296-4EAD-8BEE-5C8FF082B033}.Debug|Any CPU.ActiveCfg = Debug|Any CPU
		{33B3D197-6296-4EAD-8BEE-5C8FF082B033}.Debug|Any CPU.Build.0 = Debug|Any CPU
		{33B3D197-6296-4EAD-8BEE-5C8FF082B033}.Release|Any CPU.ActiveCfg = Release|Any CPU
		{33B3D197-6296-4EAD-8BEE-5C8FF082B033}.Release|Any CPU.Build.0 = Release|Any CPU
		{053D501B-B62A-4FE4-A1A4-0C4BC10960BC}.Debug|Any CPU.ActiveCfg = Debug|Any CPU
		{053D501B-B62A-4FE4-A1A4-0C4BC10960BC}.Debug|Any CPU.Build.0 = Debug|Any CPU
		{053D501B-B62A-4FE4-A1A4-0C4BC10960BC}.Release|Any CPU.ActiveCfg = Release|Any CPU
		{053D501B-B62A-4FE4-A1A4-0C4BC10960BC}.Release|Any CPU.Build.0 = Release|Any CPU
		{DAA3B628-BBB1-47B2-84C4-C6F0C838DB12}.Debug|Any CPU.ActiveCfg = Debug|Any CPU
		{DAA3B628-BBB1-47B2-84C4-C6F0C838DB12}.Debug|Any CPU.Build.0 = Debug|Any CPU
		{DAA3B628-BBB1-47B2-84C4-C6F0C838DB12}.Release|Any CPU.ActiveCfg = Release|Any CPU
		{DAA3B628-BBB1-47B2-84C4-C6F0C838DB12}.Release|Any CPU.Build.0 = Release|Any CPU
		{59A3FDA0-45C0-45ED-BD76-02660731A278}.Debug|Any CPU.ActiveCfg = Debug|Any CPU
		{59A3FDA0-45C0-45ED-BD76-02660731A278}.Debug|Any CPU.Build.0 = Debug|Any CPU
		{59A3FDA0-45C0-45ED-BD76-02660731A278}.Release|Any CPU.ActiveCfg = Release|Any CPU
		{59A3FDA0-45C0-45ED-BD76-02660731A278}.Release|Any CPU.Build.0 = Release|Any CPU
		{7A04F5FC-E8A2-4B95-AB0A-ED1B4E00D24C}.Debug|Any CPU.ActiveCfg = Debug|Any CPU
		{7A04F5FC-E8A2-4B95-AB0A-ED1B4E00D24C}.Debug|Any CPU.Build.0 = Debug|Any CPU
		{7A04F5FC-E8A2-4B95-AB0A-ED1B4E00D24C}.Release|Any CPU.ActiveCfg = Release|Any CPU
		{7A04F5FC-E8A2-4B95-AB0A-ED1B4E00D24C}.Release|Any CPU.Build.0 = Release|Any CPU
		{10CF1B35-56AE-481C-80C3-D6E7B0A93BBE}.Debug|Any CPU.ActiveCfg = Debug|Any CPU
		{10CF1B35-56AE-481C-80C3-D6E7B0A93BBE}.Debug|Any CPU.Build.0 = Debug|Any CPU
		{10CF1B35-56AE-481C-80C3-D6E7B0A93BBE}.Release|Any CPU.ActiveCfg = Release|Any CPU
		{10CF1B35-56AE-481C-80C3-D6E7B0A93BBE}.Release|Any CPU.Build.0 = Release|Any CPU
		{27031472-6E66-4E06-8196-551DD0D179C5}.Debug|Any CPU.ActiveCfg = Debug|Any CPU
		{27031472-6E66-4E06-8196-551DD0D179C5}.Debug|Any CPU.Build.0 = Debug|Any CPU
		{27031472-6E66-4E06-8196-551DD0D179C5}.Release|Any CPU.ActiveCfg = Release|Any CPU
		{27031472-6E66-4E06-8196-551DD0D179C5}.Release|Any CPU.Build.0 = Release|Any CPU
		{20235ACC-5EF3-49F3-B2E6-209CA640A01C}.Debug|Any CPU.ActiveCfg = Debug|Any CPU
		{20235ACC-5EF3-49F3-B2E6-209CA640A01C}.Debug|Any CPU.Build.0 = Debug|Any CPU
		{20235ACC-5EF3-49F3-B2E6-209CA640A01C}.Release|Any CPU.ActiveCfg = Release|Any CPU
		{20235ACC-5EF3-49F3-B2E6-209CA640A01C}.Release|Any CPU.Build.0 = Release|Any CPU
	EndGlobalSection
	GlobalSection(SolutionProperties) = preSolution
		HideSolutionNode = FALSE
	EndGlobalSection
	GlobalSection(ExtensibilityGlobals) = postSolution
		SolutionGuid = {C2E0C062-1AF8-415F-8D35-F005D161B1DF}
	EndGlobalSection
EndGlobal
